PODS:
  - Nimble (3.2.0)
  - Quick (0.9.1)
  - ReactiveCocoa (4.0.1):
    - ReactiveCocoa/UI (= 4.0.1)
    - Result (~> 1.0.2)
  - ReactiveCocoa/Core (4.0.1):
    - ReactiveCocoa/no-arc
    - Result (~> 1.0.2)
  - ReactiveCocoa/no-arc (4.0.1):
    - Result (~> 1.0.2)
  - ReactiveCocoa/UI (4.0.1):
    - ReactiveCocoa/Core
    - Result (~> 1.0.2)
  - ReactiveSprint (0.1.0):
    - ReactiveCocoa (~> 4.0)
  - Result (1.0.2)

DEPENDENCIES:
  - Nimble (~> 3.2)
  - Quick (~> 0.9)
  - ReactiveSprint (from `../`)

EXTERNAL SOURCES:
  ReactiveSprint:
    :path: "../"

SPEC CHECKSUMS:
  Nimble: 703854335d181df169bbca9c97117b5cf8c47c1d
  Quick: a5221fc21788b6aeda934805e68b061839bc3165
  ReactiveCocoa: f7011630aee4deeb16352fcb1b50d6bde9db4f90
  ReactiveSprint: 067620a246aad17a91f58c0ea01e0f008902c8db
  Result: dd3dd71af3fa2e262f1a999e14fba2c25ec14f16

PODFILE CHECKSUM: 8ddcdb4ede1509cf19f1029376a89d5396244239

COCOAPODS: 1.0.0.beta.3
